
Microsoft Visual Studio Solution File, Format Version 11.00
# Visual Studio 2010
Project("{FAE04EC0-301F-11D3-BF4B-00C04F79EFBC}") = "social_learning", "social_learning\social_learning.csproj", "{52490C63-ED3A-48D6-B0B0-752795FAC313}"
EndProject
Project("{FAE04EC0-301F-11D3-BF4B-00C04F79EFBC}") = "VisualizeWorld", "VisualizeWorld\VisualizeWorld.csproj", "{B0199B00-9127-49AA-852B-BC3498862F4E}"
EndProject
Project("{FAE04EC0-301F-11D3-BF4B-00C04F79EFBC}") = "BatchExperiment", "BatchExperiment\BatchExperiment.csproj", "{DE50DF9D-47A2-4FE0-973D-79E0B0F69E2B}"
EndProject
Project("{FAE04EC0-301F-11D3-BF4B-00C04F79EFBC}") = "SocialLearningOnly", "SocialLearningOnly\SocialLearningOnly.csproj", "{F59DE68A-07DA-4A0D-AC45-4053DF02CDB1}"
EndProject
Project("{FAE04EC0-301F-11D3-BF4B-00C04F79EFBC}") = "QLearningExperiment", "QLearningExperiment\QLearningExperiment.csproj", "{521BCA0C-F237-4288-8616-47DE1C56D9EA}"
EndProject
Project("{FAE04EC0-301F-11D3-BF4B-00C04F79EFBC}") = "TestWorld", "TestWorld\TestWorld.csproj", "{1BD82202-0603-4A0E-92D1-0C373EB4367F}"
EndProject
Project("{2150E333-8FDC-42A3-9474-1A3956D46DE8}") = "Solution Items", "Solution Items", "{FEF6FCAF-9226-4099-9D47-AB926DD84E6B}"
	ProjectSection(SolutionItems) = preProject
		Local.testsettings = Local.testsettings
		social_learning.vsmdi = social_learning.vsmdi
		TraceAndTestImpact.testsettings = TraceAndTestImpact.testsettings
	EndProjectSection
EndProject
Global
	GlobalSection(TestCaseManagementSettings) = postSolution
		CategoryFile = social_learning.vsmdi
	EndGlobalSection
	GlobalSection(SolutionConfigurationPlatforms) = preSolution
		Debug|Any CPU = Debug|Any CPU
		Debug|Mixed Platforms = Debug|Mixed Platforms
		Debug|x86 = Debug|x86
		Release|Any CPU = Release|Any CPU
		Release|Mixed Platforms = Release|Mixed Platforms
		Release|x86 = Release|x86
	EndGlobalSection
	GlobalSection(ProjectConfigurationPlatforms) = postSolution
		{52490C63-ED3A-48D6-B0B0-752795FAC313}.Debug|Any CPU.ActiveCfg = Debug|Any CPU
		{52490C63-ED3A-48D6-B0B0-752795FAC313}.Debug|Any CPU.Build.0 = Debug|Any CPU
		{52490C63-ED3A-48D6-B0B0-752795FAC313}.Debug|Mixed Platforms.ActiveCfg = Debug|Any CPU
		{52490C63-ED3A-48D6-B0B0-752795FAC313}.Debug|Mixed Platforms.Build.0 = Debug|Any CPU
		{52490C63-ED3A-48D6-B0B0-752795FAC313}.Debug|x86.ActiveCfg = Debug|Any CPU
		{52490C63-ED3A-48D6-B0B0-752795FAC313}.Release|Any CPU.ActiveCfg = Release|Any CPU
		{52490C63-ED3A-48D6-B0B0-752795FAC313}.Release|Any CPU.Build.0 = Release|Any CPU
		{52490C63-ED3A-48D6-B0B0-752795FAC313}.Release|Mixed Platforms.ActiveCfg = Release|Any CPU
		{52490C63-ED3A-48D6-B0B0-752795FAC313}.Release|Mixed Platforms.Build.0 = Release|Any CPU
		{52490C63-ED3A-48D6-B0B0-752795FAC313}.Release|x86.ActiveCfg = Release|Any CPU
		{B0199B00-9127-49AA-852B-BC3498862F4E}.Debug|Any CPU.ActiveCfg = Debug|x86
		{B0199B00-9127-49AA-852B-BC3498862F4E}.Debug|Mixed Platforms.ActiveCfg = Debug|x86
		{B0199B00-9127-49AA-852B-BC3498862F4E}.Debug|Mixed Platforms.Build.0 = Debug|x86
		{B0199B00-9127-49AA-852B-BC3498862F4E}.Debug|x86.ActiveCfg = Debug|x86
		{B0199B00-9127-49AA-852B-BC3498862F4E}.Debug|x86.Build.0 = Debug|x86
		{B0199B00-9127-49AA-852B-BC3498862F4E}.Release|Any CPU.ActiveCfg = Release|x86
		{B0199B00-9127-49AA-852B-BC3498862F4E}.Release|Mixed Platforms.ActiveCfg = Release|x86
		{B0199B00-9127-49AA-852B-BC3498862F4E}.Release|Mixed Platforms.Build.0 = Release|x86
		{B0199B00-9127-49AA-852B-BC3498862F4E}.Release|x86.ActiveCfg = Release|x86
		{B0199B00-9127-49AA-852B-BC3498862F4E}.Release|x86.Build.0 = Release|x86
		{DE50DF9D-47A2-4FE0-973D-79E0B0F69E2B}.Debug|Any CPU.ActiveCfg = Debug|x86
		{DE50DF9D-47A2-4FE0-973D-79E0B0F69E2B}.Debug|Mixed Platforms.ActiveCfg = Debug|x86
		{DE50DF9D-47A2-4FE0-973D-79E0B0F69E2B}.Debug|Mixed Platforms.Build.0 = Debug|x86
		{DE50DF9D-47A2-4FE0-973D-79E0B0F69E2B}.Debug|x86.ActiveCfg = Debug|x86
		{DE50DF9D-47A2-4FE0-973D-79E0B0F69E2B}.Debug|x86.Build.0 = Debug|x86
		{DE50DF9D-47A2-4FE0-973D-79E0B0F69E2B}.Release|Any CPU.ActiveCfg = Release|x86
		{DE50DF9D-47A2-4FE0-973D-79E0B0F69E2B}.Release|Mixed Platforms.ActiveCfg = Release|x86
		{DE50DF9D-47A2-4FE0-973D-79E0B0F69E2B}.Release|Mixed Platforms.Build.0 = Release|x86
		{DE50DF9D-47A2-4FE0-973D-79E0B0F69E2B}.Release|x86.ActiveCfg = Release|x86
		{DE50DF9D-47A2-4FE0-973D-79E0B0F69E2B}.Release|x86.Build.0 = Release|x86
		{F59DE68A-07DA-4A0D-AC45-4053DF02CDB1}.Debug|Any CPU.ActiveCfg = Debug|x86
		{F59DE68A-07DA-4A0D-AC45-4053DF02CDB1}.Debug|Mixed Platforms.ActiveCfg = Debug|x86
		{F59DE68A-07DA-4A0D-AC45-4053DF02CDB1}.Debug|Mixed Platforms.Build.0 = Debug|x86
		{F59DE68A-07DA-4A0D-AC45-4053DF02CDB1}.Debug|x86.ActiveCfg = Debug|x86
		{F59DE68A-07DA-4A0D-AC45-4053DF02CDB1}.Debug|x86.Build.0 = Debug|x86
		{F59DE68A-07DA-4A0D-AC45-4053DF02CDB1}.Release|Any CPU.ActiveCfg = Release|x86
		{F59DE68A-07DA-4A0D-AC45-4053DF02CDB1}.Release|Mixed Platforms.ActiveCfg = Release|x86
		{F59DE68A-07DA-4A0D-AC45-4053DF02CDB1}.Release|Mixed Platforms.Build.0 = Release|x86
		{F59DE68A-07DA-4A0D-AC45-4053DF02CDB1}.Release|x86.ActiveCfg = Release|x86
		{F59DE68A-07DA-4A0D-AC45-4053DF02CDB1}.Release|x86.Build.0 = Release|x86
		{521BCA0C-F237-4288-8616-47DE1C56D9EA}.Debug|Any CPU.ActiveCfg = Debug|x86
		{521BCA0C-F237-4288-8616-47DE1C56D9EA}.Debug|Mixed Platforms.ActiveCfg = Debug|x86
		{521BCA0C-F237-4288-8616-47DE1C56D9EA}.Debug|Mixed Platforms.Build.0 = Debug|x86
		{521BCA0C-F237-4288-8616-47DE1C56D9EA}.Debug|x86.ActiveCfg = Debug|x86
		{521BCA0C-F237-4288-8616-47DE1C56D9EA}.Debug|x86.Build.0 = Debug|x86
		{521BCA0C-F237-4288-8616-47DE1C56D9EA}.Release|Any CPU.ActiveCfg = Release|x86
		{521BCA0C-F237-4288-8616-47DE1C56D9EA}.Release|Mixed Platforms.ActiveCfg = Release|x86
		{521BCA0C-F237-4288-8616-47DE1C56D9EA}.Release|Mixed Platforms.Build.0 = Release|x86
		{521BCA0C-F237-4288-8616-47DE1C56D9EA}.Release|x86.ActiveCfg = Release|x86
		{521BCA0C-F237-4288-8616-47DE1C56D9EA}.Release|x86.Build.0 = Release|x86
		{1BD82202-0603-4A0E-92D1-0C373EB4367F}.Debug|Any CPU.ActiveCfg = Debug|Any CPU
		{1BD82202-0603-4A0E-92D1-0C373EB4367F}.Debug|Any CPU.Build.0 = Debug|Any CPU
		{1BD82202-0603-4A0E-92D1-0C373EB4367F}.Debug|Mixed Platforms.ActiveCfg = Debug|Any CPU
		{1BD82202-0603-4A0E-92D1-0C373EB4367F}.Debug|Mixed Platforms.Build.0 = Debug|Any CPU
		{1BD82202-0603-4A0E-92D1-0C373EB4367F}.Debug|x86.ActiveCfg = Debug|Any CPU
		{1BD82202-0603-4A0E-92D1-0C373EB4367F}.Release|Any CPU.ActiveCfg = Release|Any CPU
		{1BD82202-0603-4A0E-92D1-0C373EB4367F}.Release|Any CPU.Build.0 = Release|Any CPU
		{1BD82202-0603-4A0E-92D1-0C373EB4367F}.Release|Mixed Platforms.ActiveCfg = Release|Any CPU
		{1BD82202-0603-4A0E-92D1-0C373EB4367F}.Release|Mixed Platforms.Build.0 = Release|Any CPU
		{1BD82202-0603-4A0E-92D1-0C373EB4367F}.Release|x86.ActiveCfg = Release|Any CPU
	EndGlobalSection
	GlobalSection(SolutionProperties) = preSolution
		HideSolutionNode = FALSE
	EndGlobalSection
EndGlobal
